{
  "lockfileVersion": 1,
  "workspaces": {
    "": {
      "name": "cmod",
      "dependencies": {
        "@cmodjs/cli": "^0.1.14",
        "@cmodjs/core": "^0.1.14",
      },
    },
  },
  "packages": {
    "@babel/runtime": ["@babel/runtime@7.29.10", "", {}, "sha512-NpugTzbKgGrNe45Ui32cN8vCFFMxVtP/9rtfwv0nP5FRDAjvYBxJcLVpYA9mr1jxP6cnIT7x9LUzuDTbWYYNRA=="],

    "@cmodjs/cli": ["@cmodjs/cli@0.1.14", "", { "bin": { "cmod": "bin/cmod" } }, "sha512-Fyb+s1TAS8VwCMaoowcU+8cBMoz7wYjctLtk6mJkidAgi5pLFcdVYSE2RW6z1jM4eOQV/2RdVwg647lPGwhApQ=="],

    "@cmodjs/core": ["@cmodjs/core@0.1.14", "", { "dependencies": { "bun-types": "^1.4.2", "json-schema-to-ts": "^3.1.1" } }, "sha512-rtPe/W0odGgqjUZBTG6i9Yaj+MFexPaJraqdySH8dLVQ9W2YiPIg6FbO03gmdlT0+phn7uuXzqRxxfAw3r4Biw=="],

    "@types/node": ["@types/node@26.6.4", "", { "dependencies": { "undici-types": "~8.9.0" } }, "sha512-ldVPDCzj7fsaGZrLB0NuHuTvJcsNasysBAqMolr/cgxrLd1xbqxIr3XJiPnHHJUCxj5sNF1vnRj9aWnrVh5Jcg=="],

    "bun-types": ["bun-types@1.4.2", "", { "dependencies": { "@types/node": "*" } }, "sha512-bxV1FgK7yBIzjRe5zBozIM4Bem11ZJcCXSrjWRG3YWLt8yFDePu4cLjpebO8OvPeIE9trbyPF4fuj3Cia4Fj3w=="],

    "json-schema-to-ts": ["json-schema-to-ts@3.1.1", "", { "dependencies": { "@babel/runtime": "^7.18.3", "ts-algebra": "^2.0.0" } }, "sha512-+DWg8jCJG2TEnpy7kOm/7/AxaYoaRbjVB4LFZLySZlWn8exGs3A4OLJR966cVvU26N7X9TWxl+Jsw7dzAqKT6g=="],

    "ts-algebra": ["ts-algebra@2.0.0", "", {}, "sha512-FPAhNPFMrkwz76P7cdjdmiShwMynZYN6SgOujD1urY4oNm80Ou9oMdmbR45LotcKOXoy7wSmHkRFE6Mxbrhefw=="],

    "undici-types": ["undici-types@8.9.0", "", {}, "sha512-KTDyRTYX8sWmKXAikPHHSyc63CRPETMctyjKFupcC6OBLXT3xsN0e9aF7m+mIXutFWpUXuedtowG7iLOzp0kQg=="],
  }
}
